
Microsoft Visual Studio Solution File, Format Version 12.00
# Visual Studio Version 17
VisualStudioVersion = 17.12.35527.113
MinimumVisualStudioVersion = 10.0.40219.1
Project("{8BC9CEB8-8B4A-11D0-8D11-00A0C91BC942}") = "VPN", "VPN\VPN.vcxproj", "{163F1FDF-15C9-4FEA-9B0F-75C5D6851EE7}"
EndProject
Project("{8BC9CEB8-8B4A-11D0-8D11-00A0C91BC942}") = "Temp_add_lib", "Temp_add_lib\Temp_add_lib.vcxproj", "{4755BD5E-66C7-4A75-8C29-A696DAFA40D2}"
EndProject
Global
	GlobalSection(SolutionConfigurationPlatforms) = preSolution
		Debug|x64 = Debug|x64
		Debug|x86 = Debug|x86
		Release|x64 = Release|x64
		Release|x86 = Release|x86
	EndGlobalSection
	GlobalSection(ProjectConfigurationPlatforms) = postSolution
		{163F1FDF-15C9-4FEA-9B0F-75C5D6851EE7}.Debug|x64.ActiveCfg = Debug|x64
		{163F1FDF-15C9-4FEA-9B0F-75C5D6851EE7}.Debug|x64.Build.0 = Debug|x64
		{163F1FDF-15C9-4FEA-9B0F-75C5D6851EE7}.Debug|x86.ActiveCfg = Debug|Win32
		{163F1FDF-15C9-4FEA-9B0F-75C5D6851EE7}.Debug|x86.Build.0 = Debug|Win32
		{163F1FDF-15C9-4FEA-9B0F-75C5D6851EE7}.Release|x64.ActiveCfg = Release|x64
		{163F1FDF-15C9-4FEA-9B0F-75C5D6851EE7}.Release|x64.Build.0 = Release|x64
		{163F1FDF-15C9-4FEA-9B0F-75C5D6851EE7}.Release|x86.ActiveCfg = Release|Win32
		{163F1FDF-15C9-4FEA-9B0F-75C5D6851EE7}.Release|x86.Build.0 = Release|Win32
		{4755BD5E-66C7-4A75-8C29-A696DAFA40D2}.Debug|x64.ActiveCfg = Debug|x64
		{4755BD5E-66C7-4A75-8C29-A696DAFA40D2}.Debug|x64.Build.0 = Debug|x64
		{4755BD5E-66C7-4A75-8C29-A696DAFA40D2}.Debug|x86.ActiveCfg = Debug|Win32
		{4755BD5E-66C7-4A75-8C29-A696DAFA40D2}.Debug|x86.Build.0 = Debug|Win32
		{4755BD5E-66C7-4A75-8C29-A696DAFA40D2}.Release|x64.ActiveCfg = Release|x64
		{4755BD5E-66C7-4A75-8C29-A696DAFA40D2}.Release|x64.Build.0 = Release|x64
		{4755BD5E-66C7-4A75-8C29-A696DAFA40D2}.Release|x86.ActiveCfg = Release|Win32
		{4755BD5E-66C7-4A75-8C29-A696DAFA40D2}.Release|x86.Build.0 = Release|Win32
	EndGlobalSection
	GlobalSection(SolutionProperties) = preSolution
		HideSolutionNode = FALSE
	EndGlobalSection
EndGlobal
